
Microsoft Visual Studio Solution File, Format Version 12.00
# Visual Studio 15
VisualStudioVersion = 15.0.26124.0
MinimumVisualStudioVersion = 15.0.26124.0
Project("{FAE04EC0-301F-11D3-BF4B-00C04F79EFBC}") = "Repository", "Repository\Repository.csproj", "{15D66F8F-C0BC-4C36-A7E4-AE91E8A4E2CD}"
EndProject
Project("{FAE04EC0-301F-11D3-BF4B-00C04F79EFBC}") = "Repositoy.Tests", "Repositoy.Tests\Repositoy.Tests.csproj", "{56B9FAB4-1433-44C2-BE38-214535EE79B7}"
EndProject
Global
	GlobalSection(SolutionConfigurationPlatforms) = preSolution
		Debug|Any CPU = Debug|Any CPU
		Debug|x64 = Debug|x64
		Debug|x86 = Debug|x86
		Release|Any CPU = Release|Any CPU
		Release|x64 = Release|x64
		Release|x86 = Release|x86
	EndGlobalSection
	GlobalSection(SolutionProperties) = preSolution
		HideSolutionNode = FALSE
	EndGlobalSection
	GlobalSection(ProjectConfigurationPlatforms) = postSolution
		{15D66F8F-C0BC-4C36-A7E4-AE91E8A4E2CD}.Debug|Any CPU.ActiveCfg = Debug|Any CPU
		{15D66F8F-C0BC-4C36-A7E4-AE91E8A4E2CD}.Debug|Any CPU.Build.0 = Debug|Any CPU
		{15D66F8F-C0BC-4C36-A7E4-AE91E8A4E2CD}.Debug|x64.ActiveCfg = Debug|x64
		{15D66F8F-C0BC-4C36-A7E4-AE91E8A4E2CD}.Debug|x64.Build.0 = Debug|x64
		{15D66F8F-C0BC-4C36-A7E4-AE91E8A4E2CD}.Debug|x86.ActiveCfg = Debug|x86
		{15D66F8F-C0BC-4C36-A7E4-AE91E8A4E2CD}.Debug|x86.Build.0 = Debug|x86
		{15D66F8F-C0BC-4C36-A7E4-AE91E8A4E2CD}.Release|Any CPU.ActiveCfg = Release|Any CPU
		{15D66F8F-C0BC-4C36-A7E4-AE91E8A4E2CD}.Release|Any CPU.Build.0 = Release|Any CPU
		{15D66F8F-C0BC-4C36-A7E4-AE91E8A4E2CD}.Release|x64.ActiveCfg = Release|x64
		{15D66F8F-C0BC-4C36-A7E4-AE91E8A4E2CD}.Release|x64.Build.0 = Release|x64
		{15D66F8F-C0BC-4C36-A7E4-AE91E8A4E2CD}.Release|x86.ActiveCfg = Release|x86
		{15D66F8F-C0BC-4C36-A7E4-AE91E8A4E2CD}.Release|x86.Build.0 = Release|x86
		{56B9FAB4-1433-44C2-BE38-214535EE79B7}.Debug|Any CPU.ActiveCfg = Debug|Any CPU
		{56B9FAB4-1433-44C2-BE38-214535EE79B7}.Debug|Any CPU.Build.0 = Debug|Any CPU
		{56B9FAB4-1433-44C2-BE38-214535EE79B7}.Debug|x64.ActiveCfg = Debug|x64
		{56B9FAB4-1433-44C2-BE38-214535EE79B7}.Debug|x64.Build.0 = Debug|x64
		{56B9FAB4-1433-44C2-BE38-214535EE79B7}.Debug|x86.ActiveCfg = Debug|x86
		{56B9FAB4-1433-44C2-BE38-214535EE79B7}.Debug|x86.Build.0 = Debug|x86
		{56B9FAB4-1433-44C2-BE38-214535EE79B7}.Release|Any CPU.ActiveCfg = Release|Any CPU
		{56B9FAB4-1433-44C2-BE38-214535EE79B7}.Release|Any CPU.Build.0 = Release|Any CPU
		{56B9FAB4-1433-44C2-BE38-214535EE79B7}.Release|x64.ActiveCfg = Release|x64
		{56B9FAB4-1433-44C2-BE38-214535EE79B7}.Release|x64.Build.0 = Release|x64
		{56B9FAB4-1433-44C2-BE38-214535EE79B7}.Release|x86.ActiveCfg = Release|x86
		{56B9FAB4-1433-44C2-BE38-214535EE79B7}.Release|x86.Build.0 = Release|x86
	EndGlobalSection
EndGlobal
